
Microsoft Visual Studio Solution File, Format Version 12.00
# Visual Studio Version 17
VisualStudioVersion = 17.9.34607.119
MinimumVisualStudioVersion = 10.0.40219.1
Project("{FAE04EC0-301F-11D3-BF4B-00C04F79EFBC}") = "SatrancTahtasi", "SatrancTahtasi\SatrancTahtasi.csproj", "{89BE0633-EEDE-4B87-A66F-27C1BB94275A}"
EndProject
Global
	GlobalSection(SolutionConfigurationPlatforms) = preSolution
		Debug|Any CPU = Debug|Any CPU
		Release|Any CPU = Release|Any CPU
	EndGlobalSection
	GlobalSection(ProjectConfigurationPlatforms) = postSolution
		{89BE0633-EEDE-4B87-A66F-27C1BB94275A}.Debug|Any CPU.ActiveCfg = Debug|Any CPU
		{89BE0633-EEDE-4B87-A66F-27C1BB94275A}.Debug|Any CPU.Build.0 = Debug|Any CPU
		{89BE0633-EEDE-4B87-A66F-27C1BB94275A}.Release|Any CPU.ActiveCfg = Release|Any CPU
		{89BE0633-EEDE-4B87-A66F-27C1BB94275A}.Release|Any CPU.Build.0 = Release|Any CPU
	EndGlobalSection
	GlobalSection(SolutionProperties) = preSolution
		HideSolutionNode = FALSE
	EndGlobalSection
	GlobalSection(ExtensibilityGlobals) = postSolution
		SolutionGuid = {B50E0BC3-B969-4F5C-994A-CD05907B0CF9}
	EndGlobalSection
EndGlobal
